
Microsoft Visual Studio Solution File, Format Version 12.00
# Visual Studio Version 17
VisualStudioVersion = 17.9.34902.65
MinimumVisualStudioVersion = 10.0.40219.1
Project("{9A19103F-16F7-4668-BE54-9A1E7A4F7556}") = "azure-function-contatos", "azure-function-contatos.csproj", "{9B1B59C9-544E-41CD-9B18-1B7776A0381C}"
EndProject
Project("{FAE04EC0-301F-11D3-BF4B-00C04F79EFBC}") = "azure-function-contatos-rabbit", "..\azure-function-contatos-rabbit\azure-function-contatos-rabbit.csproj", "{0F34DDF4-874A-4ABA-A0AC-11FA5CA50D06}"
EndProject
Global
	GlobalSection(SolutionConfigurationPlatforms) = preSolution
		Debug|Any CPU = Debug|Any CPU
		Release|Any CPU = Release|Any CPU
	EndGlobalSection
	GlobalSection(ProjectConfigurationPlatforms) = postSolution
		{9B1B59C9-544E-41CD-9B18-1B7776A0381C}.Debug|Any CPU.ActiveCfg = Debug|Any CPU
		{9B1B59C9-544E-41CD-9B18-1B7776A0381C}.Debug|Any CPU.Build.0 = Debug|Any CPU
		{9B1B59C9-544E-41CD-9B18-1B7776A0381C}.Release|Any CPU.ActiveCfg = Release|Any CPU
		{9B1B59C9-544E-41CD-9B18-1B7776A0381C}.Release|Any CPU.Build.0 = Release|Any CPU
		{0F34DDF4-874A-4ABA-A0AC-11FA5CA50D06}.Debug|Any CPU.ActiveCfg = Debug|Any CPU
		{0F34DDF4-874A-4ABA-A0AC-11FA5CA50D06}.Debug|Any CPU.Build.0 = Debug|Any CPU
		{0F34DDF4-874A-4ABA-A0AC-11FA5CA50D06}.Release|Any CPU.ActiveCfg = Release|Any CPU
		{0F34DDF4-874A-4ABA-A0AC-11FA5CA50D06}.Release|Any CPU.Build.0 = Release|Any CPU
	EndGlobalSection
	GlobalSection(SolutionProperties) = preSolution
		HideSolutionNode = FALSE
	EndGlobalSection
	GlobalSection(ExtensibilityGlobals) = postSolution
		SolutionGuid = {3D74398A-1B78-4115-AA3D-0E17AFC401E1}
	EndGlobalSection
EndGlobal
